
Microsoft Visual Studio Solution File, Format Version 12.00
# Visual Studio Version 17
VisualStudioVersion = 17.11.35222.181
MinimumVisualStudioVersion = 10.0.40219.1
Project("{00D1A9C2-B5F0-4AF3-8072-F6C62B433612}") = "Imbang_Company", "Imbang_Company\Imbang_Company.sqlproj", "{D518AD53-3AD0-438A-8AF4-3398EA6CC983}"
EndProject
Project("{9A19103F-16F7-4668-BE54-9A1E7A4F7556}") = "Imbang_web", "Imbang_web\Imbang_web.csproj", "{87D5D75B-E573-4704-8932-07E02A2180CF}"
EndProject
Project("{FAE04EC0-301F-11D3-BF4B-00C04F79EFBC}") = "Imbang_ClassLibrary", "Imbang_ClassLibrary\Imbang_ClassLibrary.csproj", "{CF912B5D-8037-40F7-ACC2-DC78BBD20C17}"
EndProject
Global
	GlobalSection(SolutionConfigurationPlatforms) = preSolution
		Debug|Any CPU = Debug|Any CPU
		Release|Any CPU = Release|Any CPU
	EndGlobalSection
	GlobalSection(ProjectConfigurationPlatforms) = postSolution
		{D518AD53-3AD0-438A-8AF4-3398EA6CC983}.Debug|Any CPU.ActiveCfg = Debug|Any CPU
		{D518AD53-3AD0-438A-8AF4-3398EA6CC983}.Debug|Any CPU.Build.0 = Debug|Any CPU
		{D518AD53-3AD0-438A-8AF4-3398EA6CC983}.Debug|Any CPU.Deploy.0 = Debug|Any CPU
		{D518AD53-3AD0-438A-8AF4-3398EA6CC983}.Release|Any CPU.ActiveCfg = Release|Any CPU
		{D518AD53-3AD0-438A-8AF4-3398EA6CC983}.Release|Any CPU.Build.0 = Release|Any CPU
		{D518AD53-3AD0-438A-8AF4-3398EA6CC983}.Release|Any CPU.Deploy.0 = Release|Any CPU
		{87D5D75B-E573-4704-8932-07E02A2180CF}.Debug|Any CPU.ActiveCfg = Debug|Any CPU
		{87D5D75B-E573-4704-8932-07E02A2180CF}.Debug|Any CPU.Build.0 = Debug|Any CPU
		{87D5D75B-E573-4704-8932-07E02A2180CF}.Release|Any CPU.ActiveCfg = Release|Any CPU
		{87D5D75B-E573-4704-8932-07E02A2180CF}.Release|Any CPU.Build.0 = Release|Any CPU
		{CF912B5D-8037-40F7-ACC2-DC78BBD20C17}.Debug|Any CPU.ActiveCfg = Debug|Any CPU
		{CF912B5D-8037-40F7-ACC2-DC78BBD20C17}.Debug|Any CPU.Build.0 = Debug|Any CPU
		{CF912B5D-8037-40F7-ACC2-DC78BBD20C17}.Release|Any CPU.ActiveCfg = Release|Any CPU
		{CF912B5D-8037-40F7-ACC2-DC78BBD20C17}.Release|Any CPU.Build.0 = Release|Any CPU
	EndGlobalSection
	GlobalSection(SolutionProperties) = preSolution
		HideSolutionNode = FALSE
	EndGlobalSection
	GlobalSection(ExtensibilityGlobals) = postSolution
		SolutionGuid = {785B11CF-8C10-4EDB-8A26-892A1BB6217A}
	EndGlobalSection
EndGlobal
